
Microsoft Visual Studio Solution File, Format Version 12.00
# Visual Studio Version 17
VisualStudioVersion = 17.2.32602.215
MinimumVisualStudioVersion = 10.0.40219.1
Project("{FAE04EC0-301F-11D3-BF4B-00C04F79EFBC}") = "WpfApp1", "WpfApp1\WpfApp1.csproj", "{FF50D27A-7CA9-41D3-A4AF-86F6309558B3}"
EndProject
Global
	GlobalSection(SolutionConfigurationPlatforms) = preSolution
		Debug|Any CPU = Debug|Any CPU
		Release|Any CPU = Release|Any CPU
	EndGlobalSection
	GlobalSection(ProjectConfigurationPlatforms) = postSolution
		{FF50D27A-7CA9-41D3-A4AF-86F6309558B3}.Debug|Any CPU.ActiveCfg = Debug|Any CPU
		{FF50D27A-7CA9-41D3-A4AF-86F6309558B3}.Debug|Any CPU.Build.0 = Debug|Any CPU
		{FF50D27A-7CA9-41D3-A4AF-86F6309558B3}.Release|Any CPU.ActiveCfg = Release|Any CPU
		{FF50D27A-7CA9-41D3-A4AF-86F6309558B3}.Release|Any CPU.Build.0 = Release|Any CPU
	EndGlobalSection
	GlobalSection(SolutionProperties) = preSolution
		HideSolutionNode = FALSE
	EndGlobalSection
	GlobalSection(ExtensibilityGlobals) = postSolution
		SolutionGuid = {81D1865D-DE41-4721-91F7-11BE85108723}
	EndGlobalSection
EndGlobal
