
Microsoft Visual Studio Solution File, Format Version 12.00
# Visual Studio Version 17
VisualStudioVersion = 17.2.32526.322
MinimumVisualStudioVersion = 10.0.40219.1
Project("{FAE04EC0-301F-11D3-BF4B-00C04F79EFBC}") = "car", "car\car.csproj", "{737D860F-8A38-4F24-A7F6-CBF6188390CC}"
EndProject
Global
	GlobalSection(SolutionConfigurationPlatforms) = preSolution
		Debug|Any CPU = Debug|Any CPU
		Release|Any CPU = Release|Any CPU
	EndGlobalSection
	GlobalSection(ProjectConfigurationPlatforms) = postSolution
		{737D860F-8A38-4F24-A7F6-CBF6188390CC}.Debug|Any CPU.ActiveCfg = Debug|Any CPU
		{737D860F-8A38-4F24-A7F6-CBF6188390CC}.Debug|Any CPU.Build.0 = Debug|Any CPU
		{737D860F-8A38-4F24-A7F6-CBF6188390CC}.Release|Any CPU.ActiveCfg = Release|Any CPU
		{737D860F-8A38-4F24-A7F6-CBF6188390CC}.Release|Any CPU.Build.0 = Release|Any CPU
	EndGlobalSection
	GlobalSection(SolutionProperties) = preSolution
		HideSolutionNode = FALSE
	EndGlobalSection
	GlobalSection(ExtensibilityGlobals) = postSolution
		SolutionGuid = {6DF0A57C-2E58-44DB-83D1-D6984ED6A975}
	EndGlobalSection
EndGlobal
