
Microsoft Visual Studio Solution File, Format Version 12.00
# Visual Studio Version 17
VisualStudioVersion = 17.2.32616.157
MinimumVisualStudioVersion = 10.0.40219.1
Project("{FAE04EC0-301F-11D3-BF4B-00C04F79EFBC}") = "Zadanie2", "Zadanie2\Zadanie2.csproj", "{3DCED09E-EF08-4157-872F-19CD99320121}"
EndProject
Global
	GlobalSection(SolutionConfigurationPlatforms) = preSolution
		Debug|Any CPU = Debug|Any CPU
		Release|Any CPU = Release|Any CPU
	EndGlobalSection
	GlobalSection(ProjectConfigurationPlatforms) = postSolution
		{3DCED09E-EF08-4157-872F-19CD99320121}.Debug|Any CPU.ActiveCfg = Debug|Any CPU
		{3DCED09E-EF08-4157-872F-19CD99320121}.Debug|Any CPU.Build.0 = Debug|Any CPU
		{3DCED09E-EF08-4157-872F-19CD99320121}.Release|Any CPU.ActiveCfg = Release|Any CPU
		{3DCED09E-EF08-4157-872F-19CD99320121}.Release|Any CPU.Build.0 = Release|Any CPU
	EndGlobalSection
	GlobalSection(SolutionProperties) = preSolution
		HideSolutionNode = FALSE
	EndGlobalSection
	GlobalSection(ExtensibilityGlobals) = postSolution
		SolutionGuid = {6BE2A23F-9159-4B5E-AD45-FB4166055A5C}
	EndGlobalSection
EndGlobal
