
Microsoft Visual Studio Solution File, Format Version 12.00
# Visual Studio Version 17
VisualStudioVersion = 17.2.32602.215
MinimumVisualStudioVersion = 10.0.40219.1
Project("{FAE04EC0-301F-11D3-BF4B-00C04F79EFBC}") = "WpfApp2", "WpfApp2\WpfApp2.csproj", "{87C4F31A-D56C-4A0A-8450-A6C5E7B74E86}"
EndProject
Global
	GlobalSection(SolutionConfigurationPlatforms) = preSolution
		Debug|Any CPU = Debug|Any CPU
		Release|Any CPU = Release|Any CPU
	EndGlobalSection
	GlobalSection(ProjectConfigurationPlatforms) = postSolution
		{87C4F31A-D56C-4A0A-8450-A6C5E7B74E86}.Debug|Any CPU.ActiveCfg = Debug|Any CPU
		{87C4F31A-D56C-4A0A-8450-A6C5E7B74E86}.Debug|Any CPU.Build.0 = Debug|Any CPU
		{87C4F31A-D56C-4A0A-8450-A6C5E7B74E86}.Release|Any CPU.ActiveCfg = Release|Any CPU
		{87C4F31A-D56C-4A0A-8450-A6C5E7B74E86}.Release|Any CPU.Build.0 = Release|Any CPU
	EndGlobalSection
	GlobalSection(SolutionProperties) = preSolution
		HideSolutionNode = FALSE
	EndGlobalSection
	GlobalSection(ExtensibilityGlobals) = postSolution
		SolutionGuid = {AAB2AA0C-F1F8-4C24-ACA5-9ABD52F7323E}
	EndGlobalSection
EndGlobal
