
Microsoft Visual Studio Solution File, Format Version 12.00
# Visual Studio Version 17
VisualStudioVersion = 17.2.32602.215
MinimumVisualStudioVersion = 10.0.40219.1
Project("{FAE04EC0-301F-11D3-BF4B-00C04F79EFBC}") = "FirstApp", "FirstApp\FirstApp.csproj", "{68839893-98D4-4226-809A-6DFB1A2DC03D}"
EndProject
Global
	GlobalSection(SolutionConfigurationPlatforms) = preSolution
		Debug|Any CPU = Debug|Any CPU
		Release|Any CPU = Release|Any CPU
	EndGlobalSection
	GlobalSection(ProjectConfigurationPlatforms) = postSolution
		{68839893-98D4-4226-809A-6DFB1A2DC03D}.Debug|Any CPU.ActiveCfg = Debug|Any CPU
		{68839893-98D4-4226-809A-6DFB1A2DC03D}.Debug|Any CPU.Build.0 = Debug|Any CPU
		{68839893-98D4-4226-809A-6DFB1A2DC03D}.Release|Any CPU.ActiveCfg = Release|Any CPU
		{68839893-98D4-4226-809A-6DFB1A2DC03D}.Release|Any CPU.Build.0 = Release|Any CPU
	EndGlobalSection
	GlobalSection(SolutionProperties) = preSolution
		HideSolutionNode = FALSE
	EndGlobalSection
	GlobalSection(ExtensibilityGlobals) = postSolution
		SolutionGuid = {3E43F89A-B0CA-473F-94B0-D403B41D1E6D}
	EndGlobalSection
EndGlobal
