
Microsoft Visual Studio Solution File, Format Version 12.00
# Visual Studio Version 17
VisualStudioVersion = 17.2.32526.322
MinimumVisualStudioVersion = 10.0.40219.1
Project("{FAE04EC0-301F-11D3-BF4B-00C04F79EFBC}") = "Location", "Location\Location.csproj", "{D18BE31F-DEBA-4515-8618-01AED53F5980}"
EndProject
Global
	GlobalSection(SolutionConfigurationPlatforms) = preSolution
		Debug|Any CPU = Debug|Any CPU
		Release|Any CPU = Release|Any CPU
	EndGlobalSection
	GlobalSection(ProjectConfigurationPlatforms) = postSolution
		{D18BE31F-DEBA-4515-8618-01AED53F5980}.Debug|Any CPU.ActiveCfg = Debug|Any CPU
		{D18BE31F-DEBA-4515-8618-01AED53F5980}.Debug|Any CPU.Build.0 = Debug|Any CPU
		{D18BE31F-DEBA-4515-8618-01AED53F5980}.Release|Any CPU.ActiveCfg = Release|Any CPU
		{D18BE31F-DEBA-4515-8618-01AED53F5980}.Release|Any CPU.Build.0 = Release|Any CPU
	EndGlobalSection
	GlobalSection(SolutionProperties) = preSolution
		HideSolutionNode = FALSE
	EndGlobalSection
	GlobalSection(ExtensibilityGlobals) = postSolution
		SolutionGuid = {BCD3F4CA-07BC-4FF5-A254-BA441D70D4E0}
	EndGlobalSection
EndGlobal
