
Microsoft Visual Studio Solution File, Format Version 12.00
# Visual Studio Version 17
VisualStudioVersion = 17.2.32526.322
MinimumVisualStudioVersion = 10.0.40219.1
Project("{FAE04EC0-301F-11D3-BF4B-00C04F79EFBC}") = "WpfApp1", "WpfApp1\WpfApp1.csproj", "{8618F3D3-9B9E-4E54-B43B-EEF35102D6F8}"
EndProject
Global
	GlobalSection(SolutionConfigurationPlatforms) = preSolution
		Debug|Any CPU = Debug|Any CPU
		Release|Any CPU = Release|Any CPU
	EndGlobalSection
	GlobalSection(ProjectConfigurationPlatforms) = postSolution
		{8618F3D3-9B9E-4E54-B43B-EEF35102D6F8}.Debug|Any CPU.ActiveCfg = Debug|Any CPU
		{8618F3D3-9B9E-4E54-B43B-EEF35102D6F8}.Debug|Any CPU.Build.0 = Debug|Any CPU
		{8618F3D3-9B9E-4E54-B43B-EEF35102D6F8}.Release|Any CPU.ActiveCfg = Release|Any CPU
		{8618F3D3-9B9E-4E54-B43B-EEF35102D6F8}.Release|Any CPU.Build.0 = Release|Any CPU
	EndGlobalSection
	GlobalSection(SolutionProperties) = preSolution
		HideSolutionNode = FALSE
	EndGlobalSection
	GlobalSection(ExtensibilityGlobals) = postSolution
		SolutionGuid = {EDE10BA1-9C5D-425D-A4BB-2CD7D7F61652}
	EndGlobalSection
EndGlobal
