
Microsoft Visual Studio Solution File, Format Version 12.00
# Visual Studio Version 17
VisualStudioVersion = 17.2.32602.215
MinimumVisualStudioVersion = 10.0.40219.1
Project("{FAE04EC0-301F-11D3-BF4B-00C04F79EFBC}") = "DbApp.Android", "DbApp\DbApp.Android\DbApp.Android.csproj", "{535C5684-CD67-41B7-BDF3-F4C04012127A}"
EndProject
Project("{FAE04EC0-301F-11D3-BF4B-00C04F79EFBC}") = "DbApp", "DbApp\DbApp\DbApp.csproj", "{3359F147-3C72-4A4B-9482-C364B40B79DB}"
EndProject
Global
	GlobalSection(SolutionConfigurationPlatforms) = preSolution
		Debug|Any CPU = Debug|Any CPU
		Release|Any CPU = Release|Any CPU
	EndGlobalSection
	GlobalSection(ProjectConfigurationPlatforms) = postSolution
		{535C5684-CD67-41B7-BDF3-F4C04012127A}.Debug|Any CPU.ActiveCfg = Debug|Any CPU
		{535C5684-CD67-41B7-BDF3-F4C04012127A}.Debug|Any CPU.Build.0 = Debug|Any CPU
		{535C5684-CD67-41B7-BDF3-F4C04012127A}.Debug|Any CPU.Deploy.0 = Debug|Any CPU
		{535C5684-CD67-41B7-BDF3-F4C04012127A}.Release|Any CPU.ActiveCfg = Release|Any CPU
		{535C5684-CD67-41B7-BDF3-F4C04012127A}.Release|Any CPU.Build.0 = Release|Any CPU
		{535C5684-CD67-41B7-BDF3-F4C04012127A}.Release|Any CPU.Deploy.0 = Release|Any CPU
		{3359F147-3C72-4A4B-9482-C364B40B79DB}.Debug|Any CPU.ActiveCfg = Debug|Any CPU
		{3359F147-3C72-4A4B-9482-C364B40B79DB}.Debug|Any CPU.Build.0 = Debug|Any CPU
		{3359F147-3C72-4A4B-9482-C364B40B79DB}.Debug|Any CPU.Deploy.0 = Debug|Any CPU
		{3359F147-3C72-4A4B-9482-C364B40B79DB}.Release|Any CPU.ActiveCfg = Release|Any CPU
		{3359F147-3C72-4A4B-9482-C364B40B79DB}.Release|Any CPU.Build.0 = Release|Any CPU
		{3359F147-3C72-4A4B-9482-C364B40B79DB}.Release|Any CPU.Deploy.0 = Release|Any CPU
	EndGlobalSection
	GlobalSection(SolutionProperties) = preSolution
		HideSolutionNode = FALSE
	EndGlobalSection
	GlobalSection(ExtensibilityGlobals) = postSolution
		SolutionGuid = {08630D25-E3C9-431D-87A3-7FA5EEC88BCF}
	EndGlobalSection
EndGlobal
