
Microsoft Visual Studio Solution File, Format Version 12.00
# Visual Studio Version 17
VisualStudioVersion = 17.2.32616.157
MinimumVisualStudioVersion = 10.0.40219.1
Project("{FAE04EC0-301F-11D3-BF4B-00C04F79EFBC}") = "PerfectNum", "PerfectNum\PerfectNum.csproj", "{4E596DB4-1F91-47BE-8D4F-078DF98F40F9}"
EndProject
Global
	GlobalSection(SolutionConfigurationPlatforms) = preSolution
		Debug|Any CPU = Debug|Any CPU
		Release|Any CPU = Release|Any CPU
	EndGlobalSection
	GlobalSection(ProjectConfigurationPlatforms) = postSolution
		{4E596DB4-1F91-47BE-8D4F-078DF98F40F9}.Debug|Any CPU.ActiveCfg = Debug|Any CPU
		{4E596DB4-1F91-47BE-8D4F-078DF98F40F9}.Debug|Any CPU.Build.0 = Debug|Any CPU
		{4E596DB4-1F91-47BE-8D4F-078DF98F40F9}.Release|Any CPU.ActiveCfg = Release|Any CPU
		{4E596DB4-1F91-47BE-8D4F-078DF98F40F9}.Release|Any CPU.Build.0 = Release|Any CPU
	EndGlobalSection
	GlobalSection(SolutionProperties) = preSolution
		HideSolutionNode = FALSE
	EndGlobalSection
	GlobalSection(ExtensibilityGlobals) = postSolution
		SolutionGuid = {32A2031E-F5C1-4F34-B890-833F5520C026}
	EndGlobalSection
EndGlobal
