
Microsoft Visual Studio Solution File, Format Version 12.00
# Visual Studio Version 17
VisualStudioVersion = 17.2.32526.322
MinimumVisualStudioVersion = 10.0.40219.1
Project("{FAE04EC0-301F-11D3-BF4B-00C04F79EFBC}") = "EgzPr", "EgzPr\EgzPr.csproj", "{204343D5-68A1-4DA1-8383-3A450EB3ECF8}"
EndProject
Global
	GlobalSection(SolutionConfigurationPlatforms) = preSolution
		Debug|Any CPU = Debug|Any CPU
		Release|Any CPU = Release|Any CPU
	EndGlobalSection
	GlobalSection(ProjectConfigurationPlatforms) = postSolution
		{204343D5-68A1-4DA1-8383-3A450EB3ECF8}.Debug|Any CPU.ActiveCfg = Debug|Any CPU
		{204343D5-68A1-4DA1-8383-3A450EB3ECF8}.Debug|Any CPU.Build.0 = Debug|Any CPU
		{204343D5-68A1-4DA1-8383-3A450EB3ECF8}.Release|Any CPU.ActiveCfg = Release|Any CPU
		{204343D5-68A1-4DA1-8383-3A450EB3ECF8}.Release|Any CPU.Build.0 = Release|Any CPU
	EndGlobalSection
	GlobalSection(SolutionProperties) = preSolution
		HideSolutionNode = FALSE
	EndGlobalSection
	GlobalSection(ExtensibilityGlobals) = postSolution
		SolutionGuid = {9EEDBB1E-91F9-4C54-B1B0-9F0C34CE54F0}
	EndGlobalSection
EndGlobal
