
Microsoft Visual Studio Solution File, Format Version 12.00
# Visual Studio Version 17
VisualStudioVersion = 17.2.32616.157
MinimumVisualStudioVersion = 10.0.40219.1
Project("{FAE04EC0-301F-11D3-BF4B-00C04F79EFBC}") = "binding", "binding\binding.csproj", "{1C1D0A61-6FE4-4A32-AB13-71AF809F032A}"
EndProject
Global
	GlobalSection(SolutionConfigurationPlatforms) = preSolution
		Debug|Any CPU = Debug|Any CPU
		Release|Any CPU = Release|Any CPU
	EndGlobalSection
	GlobalSection(ProjectConfigurationPlatforms) = postSolution
		{1C1D0A61-6FE4-4A32-AB13-71AF809F032A}.Debug|Any CPU.ActiveCfg = Debug|Any CPU
		{1C1D0A61-6FE4-4A32-AB13-71AF809F032A}.Debug|Any CPU.Build.0 = Debug|Any CPU
		{1C1D0A61-6FE4-4A32-AB13-71AF809F032A}.Release|Any CPU.ActiveCfg = Release|Any CPU
		{1C1D0A61-6FE4-4A32-AB13-71AF809F032A}.Release|Any CPU.Build.0 = Release|Any CPU
	EndGlobalSection
	GlobalSection(SolutionProperties) = preSolution
		HideSolutionNode = FALSE
	EndGlobalSection
	GlobalSection(ExtensibilityGlobals) = postSolution
		SolutionGuid = {8182678A-DE68-4E90-B2A2-BD63329C4407}
	EndGlobalSection
EndGlobal
