
Microsoft Visual Studio Solution File, Format Version 12.00
# Visual Studio Version 17
VisualStudioVersion = 17.2.32526.322
MinimumVisualStudioVersion = 10.0.40219.1
Project("{FAE04EC0-301F-11D3-BF4B-00C04F79EFBC}") = "Csharp_rs3", "Csharp_rs3\Csharp_rs3.csproj", "{A2CDCB54-C52C-4CC8-80A4-2E80DFABD152}"
EndProject
Global
	GlobalSection(SolutionConfigurationPlatforms) = preSolution
		Debug|Any CPU = Debug|Any CPU
		Release|Any CPU = Release|Any CPU
	EndGlobalSection
	GlobalSection(ProjectConfigurationPlatforms) = postSolution
		{A2CDCB54-C52C-4CC8-80A4-2E80DFABD152}.Debug|Any CPU.ActiveCfg = Debug|Any CPU
		{A2CDCB54-C52C-4CC8-80A4-2E80DFABD152}.Debug|Any CPU.Build.0 = Debug|Any CPU
		{A2CDCB54-C52C-4CC8-80A4-2E80DFABD152}.Release|Any CPU.ActiveCfg = Release|Any CPU
		{A2CDCB54-C52C-4CC8-80A4-2E80DFABD152}.Release|Any CPU.Build.0 = Release|Any CPU
	EndGlobalSection
	GlobalSection(SolutionProperties) = preSolution
		HideSolutionNode = FALSE
	EndGlobalSection
	GlobalSection(ExtensibilityGlobals) = postSolution
		SolutionGuid = {7C52D213-2EBC-4C8F-A88A-9192AFFA8526}
	EndGlobalSection
EndGlobal
