
Microsoft Visual Studio Solution File, Format Version 12.00
# Visual Studio Version 17
VisualStudioVersion = 17.4.33213.308
MinimumVisualStudioVersion = 10.0.40219.1
Project("{FAE04EC0-301F-11D3-BF4B-00C04F79EFBC}") = "AppPage.Android", "AppPage\AppPage.Android\AppPage.Android.csproj", "{1D3AF0C3-99A1-4951-BB20-1384436972B6}"
EndProject
Project("{FAE04EC0-301F-11D3-BF4B-00C04F79EFBC}") = "AppPage.iOS", "AppPage\AppPage.iOS\AppPage.iOS.csproj", "{2A0A95A2-D293-4317-AA79-ADA9948FECA3}"
EndProject
Project("{FAE04EC0-301F-11D3-BF4B-00C04F79EFBC}") = "AppPage", "AppPage\AppPage\AppPage.csproj", "{BE812B37-5940-479C-9A0B-79891E840206}"
EndProject
Global
	GlobalSection(SolutionConfigurationPlatforms) = preSolution
		Debug|Any CPU = Debug|Any CPU
		Debug|iPhone = Debug|iPhone
		Debug|iPhoneSimulator = Debug|iPhoneSimulator
		Release|Any CPU = Release|Any CPU
		Release|iPhone = Release|iPhone
		Release|iPhoneSimulator = Release|iPhoneSimulator
	EndGlobalSection
	GlobalSection(ProjectConfigurationPlatforms) = postSolution
		{1D3AF0C3-99A1-4951-BB20-1384436972B6}.Debug|Any CPU.ActiveCfg = Debug|Any CPU
		{1D3AF0C3-99A1-4951-BB20-1384436972B6}.Debug|Any CPU.Build.0 = Debug|Any CPU
		{1D3AF0C3-99A1-4951-BB20-1384436972B6}.Debug|Any CPU.Deploy.0 = Debug|Any CPU
		{1D3AF0C3-99A1-4951-BB20-1384436972B6}.Debug|iPhone.ActiveCfg = Debug|Any CPU
		{1D3AF0C3-99A1-4951-BB20-1384436972B6}.Debug|iPhone.Build.0 = Debug|Any CPU
		{1D3AF0C3-99A1-4951-BB20-1384436972B6}.Debug|iPhone.Deploy.0 = Debug|Any CPU
		{1D3AF0C3-99A1-4951-BB20-1384436972B6}.Debug|iPhoneSimulator.ActiveCfg = Debug|Any CPU
		{1D3AF0C3-99A1-4951-BB20-1384436972B6}.Debug|iPhoneSimulator.Build.0 = Debug|Any CPU
		{1D3AF0C3-99A1-4951-BB20-1384436972B6}.Debug|iPhoneSimulator.Deploy.0 = Debug|Any CPU
		{1D3AF0C3-99A1-4951-BB20-1384436972B6}.Release|Any CPU.ActiveCfg = Release|Any CPU
		{1D3AF0C3-99A1-4951-BB20-1384436972B6}.Release|Any CPU.Build.0 = Release|Any CPU
		{1D3AF0C3-99A1-4951-BB20-1384436972B6}.Release|Any CPU.Deploy.0 = Release|Any CPU
		{1D3AF0C3-99A1-4951-BB20-1384436972B6}.Release|iPhone.ActiveCfg = Release|Any CPU
		{1D3AF0C3-99A1-4951-BB20-1384436972B6}.Release|iPhone.Build.0 = Release|Any CPU
		{1D3AF0C3-99A1-4951-BB20-1384436972B6}.Release|iPhone.Deploy.0 = Release|Any CPU
		{1D3AF0C3-99A1-4951-BB20-1384436972B6}.Release|iPhoneSimulator.ActiveCfg = Release|Any CPU
		{1D3AF0C3-99A1-4951-BB20-1384436972B6}.Release|iPhoneSimulator.Build.0 = Release|Any CPU
		{1D3AF0C3-99A1-4951-BB20-1384436972B6}.Release|iPhoneSimulator.Deploy.0 = Release|Any CPU
		{2A0A95A2-D293-4317-AA79-ADA9948FECA3}.Debug|Any CPU.ActiveCfg = Debug|iPhone
		{2A0A95A2-D293-4317-AA79-ADA9948FECA3}.Debug|Any CPU.Build.0 = Debug|iPhone
		{2A0A95A2-D293-4317-AA79-ADA9948FECA3}.Debug|Any CPU.Deploy.0 = Debug|iPhone
		{2A0A95A2-D293-4317-AA79-ADA9948FECA3}.Debug|iPhone.ActiveCfg = Debug|iPhone
		{2A0A95A2-D293-4317-AA79-ADA9948FECA3}.Debug|iPhone.Build.0 = Debug|iPhone
		{2A0A95A2-D293-4317-AA79-ADA9948FECA3}.Debug|iPhone.Deploy.0 = Debug|iPhone
		{2A0A95A2-D293-4317-AA79-ADA9948FECA3}.Debug|iPhoneSimulator.ActiveCfg = Debug|iPhoneSimulator
		{2A0A95A2-D293-4317-AA79-ADA9948FECA3}.Debug|iPhoneSimulator.Build.0 = Debug|iPhoneSimulator
		{2A0A95A2-D293-4317-AA79-ADA9948FECA3}.Debug|iPhoneSimulator.Deploy.0 = Debug|iPhoneSimulator
		{2A0A95A2-D293-4317-AA79-ADA9948FECA3}.Release|Any CPU.ActiveCfg = Release|iPhoneSimulator
		{2A0A95A2-D293-4317-AA79-ADA9948FECA3}.Release|Any CPU.Build.0 = Release|iPhoneSimulator
		{2A0A95A2-D293-4317-AA79-ADA9948FECA3}.Release|Any CPU.Deploy.0 = Release|iPhoneSimulator
		{2A0A95A2-D293-4317-AA79-ADA9948FECA3}.Release|iPhone.ActiveCfg = Release|iPhone
		{2A0A95A2-D293-4317-AA79-ADA9948FECA3}.Release|iPhone.Build.0 = Release|iPhone
		{2A0A95A2-D293-4317-AA79-ADA9948FECA3}.Release|iPhone.Deploy.0 = Release|iPhone
		{2A0A95A2-D293-4317-AA79-ADA9948FECA3}.Release|iPhoneSimulator.ActiveCfg = Release|iPhoneSimulator
		{2A0A95A2-D293-4317-AA79-ADA9948FECA3}.Release|iPhoneSimulator.Build.0 = Release|iPhoneSimulator
		{2A0A95A2-D293-4317-AA79-ADA9948FECA3}.Release|iPhoneSimulator.Deploy.0 = Release|iPhoneSimulator
		{BE812B37-5940-479C-9A0B-79891E840206}.Debug|Any CPU.ActiveCfg = Debug|Any CPU
		{BE812B37-5940-479C-9A0B-79891E840206}.Debug|Any CPU.Build.0 = Debug|Any CPU
		{BE812B37-5940-479C-9A0B-79891E840206}.Debug|Any CPU.Deploy.0 = Debug|Any CPU
		{BE812B37-5940-479C-9A0B-79891E840206}.Debug|iPhone.ActiveCfg = Debug|Any CPU
		{BE812B37-5940-479C-9A0B-79891E840206}.Debug|iPhone.Build.0 = Debug|Any CPU
		{BE812B37-5940-479C-9A0B-79891E840206}.Debug|iPhone.Deploy.0 = Debug|Any CPU
		{BE812B37-5940-479C-9A0B-79891E840206}.Debug|iPhoneSimulator.ActiveCfg = Debug|Any CPU
		{BE812B37-5940-479C-9A0B-79891E840206}.Debug|iPhoneSimulator.Build.0 = Debug|Any CPU
		{BE812B37-5940-479C-9A0B-79891E840206}.Debug|iPhoneSimulator.Deploy.0 = Debug|Any CPU
		{BE812B37-5940-479C-9A0B-79891E840206}.Release|Any CPU.ActiveCfg = Release|Any CPU
		{BE812B37-5940-479C-9A0B-79891E840206}.Release|Any CPU.Build.0 = Release|Any CPU
		{BE812B37-5940-479C-9A0B-79891E840206}.Release|Any CPU.Deploy.0 = Release|Any CPU
		{BE812B37-5940-479C-9A0B-79891E840206}.Release|iPhone.ActiveCfg = Release|Any CPU
		{BE812B37-5940-479C-9A0B-79891E840206}.Release|iPhone.Build.0 = Release|Any CPU
		{BE812B37-5940-479C-9A0B-79891E840206}.Release|iPhone.Deploy.0 = Release|Any CPU
		{BE812B37-5940-479C-9A0B-79891E840206}.Release|iPhoneSimulator.ActiveCfg = Release|Any CPU
		{BE812B37-5940-479C-9A0B-79891E840206}.Release|iPhoneSimulator.Build.0 = Release|Any CPU
		{BE812B37-5940-479C-9A0B-79891E840206}.Release|iPhoneSimulator.Deploy.0 = Release|Any CPU
	EndGlobalSection
	GlobalSection(SolutionProperties) = preSolution
		HideSolutionNode = FALSE
	EndGlobalSection
	GlobalSection(ExtensibilityGlobals) = postSolution
		SolutionGuid = {0C9044DB-0309-4E91-96ED-B198D8E03982}
	EndGlobalSection
EndGlobal
