
Microsoft Visual Studio Solution File, Format Version 12.00
# Visual Studio Version 17
VisualStudioVersion = 17.4.33213.308
MinimumVisualStudioVersion = 10.0.40219.1
Project("{FAE04EC0-301F-11D3-BF4B-00C04F79EFBC}") = "KufelBartlomiej.Android", "KufelBartlomiej\KufelBartlomiej.Android\KufelBartlomiej.Android.csproj", "{2934176C-2802-4261-80E7-C2F0442436AA}"
EndProject
Project("{FAE04EC0-301F-11D3-BF4B-00C04F79EFBC}") = "KufelBartlomiej.iOS", "KufelBartlomiej\KufelBartlomiej.iOS\KufelBartlomiej.iOS.csproj", "{091A14AF-CF8D-4EA2-AAB3-6F1C3B487001}"
EndProject
Project("{9A19103F-16F7-4668-BE54-9A1E7A4F7556}") = "Test", "KufelBartlomiej\KufelBartlomiej\Test.csproj", "{1D82AF50-318D-40B5-BE41-EDAB5CC8E754}"
EndProject
Global
	GlobalSection(SolutionConfigurationPlatforms) = preSolution
		Debug|Any CPU = Debug|Any CPU
		Debug|iPhone = Debug|iPhone
		Debug|iPhoneSimulator = Debug|iPhoneSimulator
		Release|Any CPU = Release|Any CPU
		Release|iPhone = Release|iPhone
		Release|iPhoneSimulator = Release|iPhoneSimulator
	EndGlobalSection
	GlobalSection(ProjectConfigurationPlatforms) = postSolution
		{2934176C-2802-4261-80E7-C2F0442436AA}.Debug|Any CPU.ActiveCfg = Debug|Any CPU
		{2934176C-2802-4261-80E7-C2F0442436AA}.Debug|Any CPU.Build.0 = Debug|Any CPU
		{2934176C-2802-4261-80E7-C2F0442436AA}.Debug|Any CPU.Deploy.0 = Debug|Any CPU
		{2934176C-2802-4261-80E7-C2F0442436AA}.Debug|iPhone.ActiveCfg = Debug|Any CPU
		{2934176C-2802-4261-80E7-C2F0442436AA}.Debug|iPhone.Build.0 = Debug|Any CPU
		{2934176C-2802-4261-80E7-C2F0442436AA}.Debug|iPhone.Deploy.0 = Debug|Any CPU
		{2934176C-2802-4261-80E7-C2F0442436AA}.Debug|iPhoneSimulator.ActiveCfg = Debug|Any CPU
		{2934176C-2802-4261-80E7-C2F0442436AA}.Debug|iPhoneSimulator.Build.0 = Debug|Any CPU
		{2934176C-2802-4261-80E7-C2F0442436AA}.Debug|iPhoneSimulator.Deploy.0 = Debug|Any CPU
		{2934176C-2802-4261-80E7-C2F0442436AA}.Release|Any CPU.ActiveCfg = Release|Any CPU
		{2934176C-2802-4261-80E7-C2F0442436AA}.Release|Any CPU.Build.0 = Release|Any CPU
		{2934176C-2802-4261-80E7-C2F0442436AA}.Release|Any CPU.Deploy.0 = Release|Any CPU
		{2934176C-2802-4261-80E7-C2F0442436AA}.Release|iPhone.ActiveCfg = Release|Any CPU
		{2934176C-2802-4261-80E7-C2F0442436AA}.Release|iPhone.Build.0 = Release|Any CPU
		{2934176C-2802-4261-80E7-C2F0442436AA}.Release|iPhone.Deploy.0 = Release|Any CPU
		{2934176C-2802-4261-80E7-C2F0442436AA}.Release|iPhoneSimulator.ActiveCfg = Release|Any CPU
		{2934176C-2802-4261-80E7-C2F0442436AA}.Release|iPhoneSimulator.Build.0 = Release|Any CPU
		{2934176C-2802-4261-80E7-C2F0442436AA}.Release|iPhoneSimulator.Deploy.0 = Release|Any CPU
		{091A14AF-CF8D-4EA2-AAB3-6F1C3B487001}.Debug|Any CPU.ActiveCfg = Debug|iPhone
		{091A14AF-CF8D-4EA2-AAB3-6F1C3B487001}.Debug|Any CPU.Build.0 = Debug|iPhone
		{091A14AF-CF8D-4EA2-AAB3-6F1C3B487001}.Debug|Any CPU.Deploy.0 = Debug|iPhone
		{091A14AF-CF8D-4EA2-AAB3-6F1C3B487001}.Debug|iPhone.ActiveCfg = Debug|iPhone
		{091A14AF-CF8D-4EA2-AAB3-6F1C3B487001}.Debug|iPhone.Build.0 = Debug|iPhone
		{091A14AF-CF8D-4EA2-AAB3-6F1C3B487001}.Debug|iPhone.Deploy.0 = Debug|iPhone
		{091A14AF-CF8D-4EA2-AAB3-6F1C3B487001}.Debug|iPhoneSimulator.ActiveCfg = Debug|iPhoneSimulator
		{091A14AF-CF8D-4EA2-AAB3-6F1C3B487001}.Debug|iPhoneSimulator.Build.0 = Debug|iPhoneSimulator
		{091A14AF-CF8D-4EA2-AAB3-6F1C3B487001}.Debug|iPhoneSimulator.Deploy.0 = Debug|iPhoneSimulator
		{091A14AF-CF8D-4EA2-AAB3-6F1C3B487001}.Release|Any CPU.ActiveCfg = Release|iPhoneSimulator
		{091A14AF-CF8D-4EA2-AAB3-6F1C3B487001}.Release|Any CPU.Build.0 = Release|iPhoneSimulator
		{091A14AF-CF8D-4EA2-AAB3-6F1C3B487001}.Release|Any CPU.Deploy.0 = Release|iPhoneSimulator
		{091A14AF-CF8D-4EA2-AAB3-6F1C3B487001}.Release|iPhone.ActiveCfg = Release|iPhone
		{091A14AF-CF8D-4EA2-AAB3-6F1C3B487001}.Release|iPhone.Build.0 = Release|iPhone
		{091A14AF-CF8D-4EA2-AAB3-6F1C3B487001}.Release|iPhone.Deploy.0 = Release|iPhone
		{091A14AF-CF8D-4EA2-AAB3-6F1C3B487001}.Release|iPhoneSimulator.ActiveCfg = Release|iPhoneSimulator
		{091A14AF-CF8D-4EA2-AAB3-6F1C3B487001}.Release|iPhoneSimulator.Build.0 = Release|iPhoneSimulator
		{091A14AF-CF8D-4EA2-AAB3-6F1C3B487001}.Release|iPhoneSimulator.Deploy.0 = Release|iPhoneSimulator
		{1D82AF50-318D-40B5-BE41-EDAB5CC8E754}.Debug|Any CPU.ActiveCfg = Debug|Any CPU
		{1D82AF50-318D-40B5-BE41-EDAB5CC8E754}.Debug|Any CPU.Build.0 = Debug|Any CPU
		{1D82AF50-318D-40B5-BE41-EDAB5CC8E754}.Debug|Any CPU.Deploy.0 = Debug|Any CPU
		{1D82AF50-318D-40B5-BE41-EDAB5CC8E754}.Debug|iPhone.ActiveCfg = Debug|Any CPU
		{1D82AF50-318D-40B5-BE41-EDAB5CC8E754}.Debug|iPhone.Build.0 = Debug|Any CPU
		{1D82AF50-318D-40B5-BE41-EDAB5CC8E754}.Debug|iPhone.Deploy.0 = Debug|Any CPU
		{1D82AF50-318D-40B5-BE41-EDAB5CC8E754}.Debug|iPhoneSimulator.ActiveCfg = Debug|Any CPU
		{1D82AF50-318D-40B5-BE41-EDAB5CC8E754}.Debug|iPhoneSimulator.Build.0 = Debug|Any CPU
		{1D82AF50-318D-40B5-BE41-EDAB5CC8E754}.Debug|iPhoneSimulator.Deploy.0 = Debug|Any CPU
		{1D82AF50-318D-40B5-BE41-EDAB5CC8E754}.Release|Any CPU.ActiveCfg = Release|Any CPU
		{1D82AF50-318D-40B5-BE41-EDAB5CC8E754}.Release|Any CPU.Build.0 = Release|Any CPU
		{1D82AF50-318D-40B5-BE41-EDAB5CC8E754}.Release|Any CPU.Deploy.0 = Release|Any CPU
		{1D82AF50-318D-40B5-BE41-EDAB5CC8E754}.Release|iPhone.ActiveCfg = Release|Any CPU
		{1D82AF50-318D-40B5-BE41-EDAB5CC8E754}.Release|iPhone.Build.0 = Release|Any CPU
		{1D82AF50-318D-40B5-BE41-EDAB5CC8E754}.Release|iPhone.Deploy.0 = Release|Any CPU
		{1D82AF50-318D-40B5-BE41-EDAB5CC8E754}.Release|iPhoneSimulator.ActiveCfg = Release|Any CPU
		{1D82AF50-318D-40B5-BE41-EDAB5CC8E754}.Release|iPhoneSimulator.Build.0 = Release|Any CPU
		{1D82AF50-318D-40B5-BE41-EDAB5CC8E754}.Release|iPhoneSimulator.Deploy.0 = Release|Any CPU
	EndGlobalSection
	GlobalSection(SolutionProperties) = preSolution
		HideSolutionNode = FALSE
	EndGlobalSection
	GlobalSection(ExtensibilityGlobals) = postSolution
		SolutionGuid = {38FDF70A-6EA3-412B-A55C-AB7C78C7515E}
	EndGlobalSection
EndGlobal
