
Microsoft Visual Studio Solution File, Format Version 12.00
# Visual Studio Version 17
VisualStudioVersion = 17.2.32602.215
MinimumVisualStudioVersion = 10.0.40219.1
Project("{FAE04EC0-301F-11D3-BF4B-00C04F79EFBC}") = "GridApp.Android", "GridApp\GridApp.Android\GridApp.Android.csproj", "{764570FD-38E1-4EB3-8F34-699E719F6CA6}"
EndProject
Project("{FAE04EC0-301F-11D3-BF4B-00C04F79EFBC}") = "GridApp.iOS", "GridApp\GridApp.iOS\GridApp.iOS.csproj", "{EC795382-5605-486D-96F8-38251601FECD}"
EndProject
Project("{FAE04EC0-301F-11D3-BF4B-00C04F79EFBC}") = "GridApp", "GridApp\GridApp\GridApp.csproj", "{3EE45FCD-76AA-4772-A0F4-D97681DEB7DA}"
EndProject
Global
	GlobalSection(SolutionConfigurationPlatforms) = preSolution
		Debug|Any CPU = Debug|Any CPU
		Debug|iPhone = Debug|iPhone
		Debug|iPhoneSimulator = Debug|iPhoneSimulator
		Release|Any CPU = Release|Any CPU
		Release|iPhone = Release|iPhone
		Release|iPhoneSimulator = Release|iPhoneSimulator
	EndGlobalSection
	GlobalSection(ProjectConfigurationPlatforms) = postSolution
		{764570FD-38E1-4EB3-8F34-699E719F6CA6}.Debug|Any CPU.ActiveCfg = Debug|Any CPU
		{764570FD-38E1-4EB3-8F34-699E719F6CA6}.Debug|Any CPU.Build.0 = Debug|Any CPU
		{764570FD-38E1-4EB3-8F34-699E719F6CA6}.Debug|Any CPU.Deploy.0 = Debug|Any CPU
		{764570FD-38E1-4EB3-8F34-699E719F6CA6}.Debug|iPhone.ActiveCfg = Debug|Any CPU
		{764570FD-38E1-4EB3-8F34-699E719F6CA6}.Debug|iPhone.Build.0 = Debug|Any CPU
		{764570FD-38E1-4EB3-8F34-699E719F6CA6}.Debug|iPhone.Deploy.0 = Debug|Any CPU
		{764570FD-38E1-4EB3-8F34-699E719F6CA6}.Debug|iPhoneSimulator.ActiveCfg = Debug|Any CPU
		{764570FD-38E1-4EB3-8F34-699E719F6CA6}.Debug|iPhoneSimulator.Build.0 = Debug|Any CPU
		{764570FD-38E1-4EB3-8F34-699E719F6CA6}.Debug|iPhoneSimulator.Deploy.0 = Debug|Any CPU
		{764570FD-38E1-4EB3-8F34-699E719F6CA6}.Release|Any CPU.ActiveCfg = Release|Any CPU
		{764570FD-38E1-4EB3-8F34-699E719F6CA6}.Release|Any CPU.Build.0 = Release|Any CPU
		{764570FD-38E1-4EB3-8F34-699E719F6CA6}.Release|Any CPU.Deploy.0 = Release|Any CPU
		{764570FD-38E1-4EB3-8F34-699E719F6CA6}.Release|iPhone.ActiveCfg = Release|Any CPU
		{764570FD-38E1-4EB3-8F34-699E719F6CA6}.Release|iPhone.Build.0 = Release|Any CPU
		{764570FD-38E1-4EB3-8F34-699E719F6CA6}.Release|iPhone.Deploy.0 = Release|Any CPU
		{764570FD-38E1-4EB3-8F34-699E719F6CA6}.Release|iPhoneSimulator.ActiveCfg = Release|Any CPU
		{764570FD-38E1-4EB3-8F34-699E719F6CA6}.Release|iPhoneSimulator.Build.0 = Release|Any CPU
		{764570FD-38E1-4EB3-8F34-699E719F6CA6}.Release|iPhoneSimulator.Deploy.0 = Release|Any CPU
		{EC795382-5605-486D-96F8-38251601FECD}.Debug|Any CPU.ActiveCfg = Debug|iPhone
		{EC795382-5605-486D-96F8-38251601FECD}.Debug|Any CPU.Build.0 = Debug|iPhone
		{EC795382-5605-486D-96F8-38251601FECD}.Debug|Any CPU.Deploy.0 = Debug|iPhone
		{EC795382-5605-486D-96F8-38251601FECD}.Debug|iPhone.ActiveCfg = Debug|iPhone
		{EC795382-5605-486D-96F8-38251601FECD}.Debug|iPhone.Build.0 = Debug|iPhone
		{EC795382-5605-486D-96F8-38251601FECD}.Debug|iPhone.Deploy.0 = Debug|iPhone
		{EC795382-5605-486D-96F8-38251601FECD}.Debug|iPhoneSimulator.ActiveCfg = Debug|iPhoneSimulator
		{EC795382-5605-486D-96F8-38251601FECD}.Debug|iPhoneSimulator.Build.0 = Debug|iPhoneSimulator
		{EC795382-5605-486D-96F8-38251601FECD}.Debug|iPhoneSimulator.Deploy.0 = Debug|iPhoneSimulator
		{EC795382-5605-486D-96F8-38251601FECD}.Release|Any CPU.ActiveCfg = Release|iPhoneSimulator
		{EC795382-5605-486D-96F8-38251601FECD}.Release|Any CPU.Build.0 = Release|iPhoneSimulator
		{EC795382-5605-486D-96F8-38251601FECD}.Release|Any CPU.Deploy.0 = Release|iPhoneSimulator
		{EC795382-5605-486D-96F8-38251601FECD}.Release|iPhone.ActiveCfg = Release|iPhone
		{EC795382-5605-486D-96F8-38251601FECD}.Release|iPhone.Build.0 = Release|iPhone
		{EC795382-5605-486D-96F8-38251601FECD}.Release|iPhone.Deploy.0 = Release|iPhone
		{EC795382-5605-486D-96F8-38251601FECD}.Release|iPhoneSimulator.ActiveCfg = Release|iPhoneSimulator
		{EC795382-5605-486D-96F8-38251601FECD}.Release|iPhoneSimulator.Build.0 = Release|iPhoneSimulator
		{EC795382-5605-486D-96F8-38251601FECD}.Release|iPhoneSimulator.Deploy.0 = Release|iPhoneSimulator
		{3EE45FCD-76AA-4772-A0F4-D97681DEB7DA}.Debug|Any CPU.ActiveCfg = Debug|Any CPU
		{3EE45FCD-76AA-4772-A0F4-D97681DEB7DA}.Debug|Any CPU.Build.0 = Debug|Any CPU
		{3EE45FCD-76AA-4772-A0F4-D97681DEB7DA}.Debug|Any CPU.Deploy.0 = Debug|Any CPU
		{3EE45FCD-76AA-4772-A0F4-D97681DEB7DA}.Debug|iPhone.ActiveCfg = Debug|Any CPU
		{3EE45FCD-76AA-4772-A0F4-D97681DEB7DA}.Debug|iPhone.Build.0 = Debug|Any CPU
		{3EE45FCD-76AA-4772-A0F4-D97681DEB7DA}.Debug|iPhone.Deploy.0 = Debug|Any CPU
		{3EE45FCD-76AA-4772-A0F4-D97681DEB7DA}.Debug|iPhoneSimulator.ActiveCfg = Debug|Any CPU
		{3EE45FCD-76AA-4772-A0F4-D97681DEB7DA}.Debug|iPhoneSimulator.Build.0 = Debug|Any CPU
		{3EE45FCD-76AA-4772-A0F4-D97681DEB7DA}.Debug|iPhoneSimulator.Deploy.0 = Debug|Any CPU
		{3EE45FCD-76AA-4772-A0F4-D97681DEB7DA}.Release|Any CPU.ActiveCfg = Release|Any CPU
		{3EE45FCD-76AA-4772-A0F4-D97681DEB7DA}.Release|Any CPU.Build.0 = Release|Any CPU
		{3EE45FCD-76AA-4772-A0F4-D97681DEB7DA}.Release|Any CPU.Deploy.0 = Release|Any CPU
		{3EE45FCD-76AA-4772-A0F4-D97681DEB7DA}.Release|iPhone.ActiveCfg = Release|Any CPU
		{3EE45FCD-76AA-4772-A0F4-D97681DEB7DA}.Release|iPhone.Build.0 = Release|Any CPU
		{3EE45FCD-76AA-4772-A0F4-D97681DEB7DA}.Release|iPhone.Deploy.0 = Release|Any CPU
		{3EE45FCD-76AA-4772-A0F4-D97681DEB7DA}.Release|iPhoneSimulator.ActiveCfg = Release|Any CPU
		{3EE45FCD-76AA-4772-A0F4-D97681DEB7DA}.Release|iPhoneSimulator.Build.0 = Release|Any CPU
		{3EE45FCD-76AA-4772-A0F4-D97681DEB7DA}.Release|iPhoneSimulator.Deploy.0 = Release|Any CPU
	EndGlobalSection
	GlobalSection(SolutionProperties) = preSolution
		HideSolutionNode = FALSE
	EndGlobalSection
	GlobalSection(ExtensibilityGlobals) = postSolution
		SolutionGuid = {437AEFE8-0E30-4574-BEA2-06FD2E9DEE1A}
	EndGlobalSection
EndGlobal
