
Microsoft Visual Studio Solution File, Format Version 12.00
# Visual Studio Version 17
VisualStudioVersion = 17.2.32602.215
MinimumVisualStudioVersion = 10.0.40219.1
Project("{FAE04EC0-301F-11D3-BF4B-00C04F79EFBC}") = "Next_Controls.Android", "Next_Controls\Next_Controls.Android\Next_Controls.Android.csproj", "{E6C658B8-0DC1-4065-BD7E-97E5F946CB95}"
EndProject
Project("{FAE04EC0-301F-11D3-BF4B-00C04F79EFBC}") = "Next_Controls.iOS", "Next_Controls\Next_Controls.iOS\Next_Controls.iOS.csproj", "{32FF74A0-A9E3-4374-9E0A-187A0E0BDFAB}"
EndProject
Project("{FAE04EC0-301F-11D3-BF4B-00C04F79EFBC}") = "Next_Controls", "Next_Controls\Next_Controls\Next_Controls.csproj", "{207CC78E-621E-4738-97E4-7078B6FF3142}"
EndProject
Global
	GlobalSection(SolutionConfigurationPlatforms) = preSolution
		Debug|Any CPU = Debug|Any CPU
		Debug|iPhone = Debug|iPhone
		Debug|iPhoneSimulator = Debug|iPhoneSimulator
		Release|Any CPU = Release|Any CPU
		Release|iPhone = Release|iPhone
		Release|iPhoneSimulator = Release|iPhoneSimulator
	EndGlobalSection
	GlobalSection(ProjectConfigurationPlatforms) = postSolution
		{E6C658B8-0DC1-4065-BD7E-97E5F946CB95}.Debug|Any CPU.ActiveCfg = Debug|Any CPU
		{E6C658B8-0DC1-4065-BD7E-97E5F946CB95}.Debug|Any CPU.Build.0 = Debug|Any CPU
		{E6C658B8-0DC1-4065-BD7E-97E5F946CB95}.Debug|Any CPU.Deploy.0 = Debug|Any CPU
		{E6C658B8-0DC1-4065-BD7E-97E5F946CB95}.Debug|iPhone.ActiveCfg = Debug|Any CPU
		{E6C658B8-0DC1-4065-BD7E-97E5F946CB95}.Debug|iPhone.Build.0 = Debug|Any CPU
		{E6C658B8-0DC1-4065-BD7E-97E5F946CB95}.Debug|iPhone.Deploy.0 = Debug|Any CPU
		{E6C658B8-0DC1-4065-BD7E-97E5F946CB95}.Debug|iPhoneSimulator.ActiveCfg = Debug|Any CPU
		{E6C658B8-0DC1-4065-BD7E-97E5F946CB95}.Debug|iPhoneSimulator.Build.0 = Debug|Any CPU
		{E6C658B8-0DC1-4065-BD7E-97E5F946CB95}.Debug|iPhoneSimulator.Deploy.0 = Debug|Any CPU
		{E6C658B8-0DC1-4065-BD7E-97E5F946CB95}.Release|Any CPU.ActiveCfg = Release|Any CPU
		{E6C658B8-0DC1-4065-BD7E-97E5F946CB95}.Release|Any CPU.Build.0 = Release|Any CPU
		{E6C658B8-0DC1-4065-BD7E-97E5F946CB95}.Release|Any CPU.Deploy.0 = Release|Any CPU
		{E6C658B8-0DC1-4065-BD7E-97E5F946CB95}.Release|iPhone.ActiveCfg = Release|Any CPU
		{E6C658B8-0DC1-4065-BD7E-97E5F946CB95}.Release|iPhone.Build.0 = Release|Any CPU
		{E6C658B8-0DC1-4065-BD7E-97E5F946CB95}.Release|iPhone.Deploy.0 = Release|Any CPU
		{E6C658B8-0DC1-4065-BD7E-97E5F946CB95}.Release|iPhoneSimulator.ActiveCfg = Release|Any CPU
		{E6C658B8-0DC1-4065-BD7E-97E5F946CB95}.Release|iPhoneSimulator.Build.0 = Release|Any CPU
		{E6C658B8-0DC1-4065-BD7E-97E5F946CB95}.Release|iPhoneSimulator.Deploy.0 = Release|Any CPU
		{32FF74A0-A9E3-4374-9E0A-187A0E0BDFAB}.Debug|Any CPU.ActiveCfg = Debug|iPhone
		{32FF74A0-A9E3-4374-9E0A-187A0E0BDFAB}.Debug|Any CPU.Build.0 = Debug|iPhone
		{32FF74A0-A9E3-4374-9E0A-187A0E0BDFAB}.Debug|Any CPU.Deploy.0 = Debug|iPhone
		{32FF74A0-A9E3-4374-9E0A-187A0E0BDFAB}.Debug|iPhone.ActiveCfg = Debug|iPhone
		{32FF74A0-A9E3-4374-9E0A-187A0E0BDFAB}.Debug|iPhone.Build.0 = Debug|iPhone
		{32FF74A0-A9E3-4374-9E0A-187A0E0BDFAB}.Debug|iPhone.Deploy.0 = Debug|iPhone
		{32FF74A0-A9E3-4374-9E0A-187A0E0BDFAB}.Debug|iPhoneSimulator.ActiveCfg = Debug|iPhoneSimulator
		{32FF74A0-A9E3-4374-9E0A-187A0E0BDFAB}.Debug|iPhoneSimulator.Build.0 = Debug|iPhoneSimulator
		{32FF74A0-A9E3-4374-9E0A-187A0E0BDFAB}.Debug|iPhoneSimulator.Deploy.0 = Debug|iPhoneSimulator
		{32FF74A0-A9E3-4374-9E0A-187A0E0BDFAB}.Release|Any CPU.ActiveCfg = Release|iPhoneSimulator
		{32FF74A0-A9E3-4374-9E0A-187A0E0BDFAB}.Release|Any CPU.Build.0 = Release|iPhoneSimulator
		{32FF74A0-A9E3-4374-9E0A-187A0E0BDFAB}.Release|Any CPU.Deploy.0 = Release|iPhoneSimulator
		{32FF74A0-A9E3-4374-9E0A-187A0E0BDFAB}.Release|iPhone.ActiveCfg = Release|iPhone
		{32FF74A0-A9E3-4374-9E0A-187A0E0BDFAB}.Release|iPhone.Build.0 = Release|iPhone
		{32FF74A0-A9E3-4374-9E0A-187A0E0BDFAB}.Release|iPhone.Deploy.0 = Release|iPhone
		{32FF74A0-A9E3-4374-9E0A-187A0E0BDFAB}.Release|iPhoneSimulator.ActiveCfg = Release|iPhoneSimulator
		{32FF74A0-A9E3-4374-9E0A-187A0E0BDFAB}.Release|iPhoneSimulator.Build.0 = Release|iPhoneSimulator
		{32FF74A0-A9E3-4374-9E0A-187A0E0BDFAB}.Release|iPhoneSimulator.Deploy.0 = Release|iPhoneSimulator
		{207CC78E-621E-4738-97E4-7078B6FF3142}.Debug|Any CPU.ActiveCfg = Debug|Any CPU
		{207CC78E-621E-4738-97E4-7078B6FF3142}.Debug|Any CPU.Build.0 = Debug|Any CPU
		{207CC78E-621E-4738-97E4-7078B6FF3142}.Debug|Any CPU.Deploy.0 = Debug|Any CPU
		{207CC78E-621E-4738-97E4-7078B6FF3142}.Debug|iPhone.ActiveCfg = Debug|Any CPU
		{207CC78E-621E-4738-97E4-7078B6FF3142}.Debug|iPhone.Build.0 = Debug|Any CPU
		{207CC78E-621E-4738-97E4-7078B6FF3142}.Debug|iPhone.Deploy.0 = Debug|Any CPU
		{207CC78E-621E-4738-97E4-7078B6FF3142}.Debug|iPhoneSimulator.ActiveCfg = Debug|Any CPU
		{207CC78E-621E-4738-97E4-7078B6FF3142}.Debug|iPhoneSimulator.Build.0 = Debug|Any CPU
		{207CC78E-621E-4738-97E4-7078B6FF3142}.Debug|iPhoneSimulator.Deploy.0 = Debug|Any CPU
		{207CC78E-621E-4738-97E4-7078B6FF3142}.Release|Any CPU.ActiveCfg = Release|Any CPU
		{207CC78E-621E-4738-97E4-7078B6FF3142}.Release|Any CPU.Build.0 = Release|Any CPU
		{207CC78E-621E-4738-97E4-7078B6FF3142}.Release|Any CPU.Deploy.0 = Release|Any CPU
		{207CC78E-621E-4738-97E4-7078B6FF3142}.Release|iPhone.ActiveCfg = Release|Any CPU
		{207CC78E-621E-4738-97E4-7078B6FF3142}.Release|iPhone.Build.0 = Release|Any CPU
		{207CC78E-621E-4738-97E4-7078B6FF3142}.Release|iPhone.Deploy.0 = Release|Any CPU
		{207CC78E-621E-4738-97E4-7078B6FF3142}.Release|iPhoneSimulator.ActiveCfg = Release|Any CPU
		{207CC78E-621E-4738-97E4-7078B6FF3142}.Release|iPhoneSimulator.Build.0 = Release|Any CPU
		{207CC78E-621E-4738-97E4-7078B6FF3142}.Release|iPhoneSimulator.Deploy.0 = Release|Any CPU
	EndGlobalSection
	GlobalSection(SolutionProperties) = preSolution
		HideSolutionNode = FALSE
	EndGlobalSection
	GlobalSection(ExtensibilityGlobals) = postSolution
		SolutionGuid = {9BCEDF05-A502-4B03-8E16-ACE0D2FC88D3}
	EndGlobalSection
EndGlobal
