
Microsoft Visual Studio Solution File, Format Version 12.00
# Visual Studio Version 17
VisualStudioVersion = 17.2.32602.215
MinimumVisualStudioVersion = 10.0.40219.1
Project("{FAE04EC0-301F-11D3-BF4B-00C04F79EFBC}") = "dogs", "dogs\dogs.csproj", "{DCA77550-29D5-4E59-B846-071C24E85D56}"
EndProject
Global
	GlobalSection(SolutionConfigurationPlatforms) = preSolution
		Debug|Any CPU = Debug|Any CPU
		Release|Any CPU = Release|Any CPU
	EndGlobalSection
	GlobalSection(ProjectConfigurationPlatforms) = postSolution
		{DCA77550-29D5-4E59-B846-071C24E85D56}.Debug|Any CPU.ActiveCfg = Debug|Any CPU
		{DCA77550-29D5-4E59-B846-071C24E85D56}.Debug|Any CPU.Build.0 = Debug|Any CPU
		{DCA77550-29D5-4E59-B846-071C24E85D56}.Release|Any CPU.ActiveCfg = Release|Any CPU
		{DCA77550-29D5-4E59-B846-071C24E85D56}.Release|Any CPU.Build.0 = Release|Any CPU
	EndGlobalSection
	GlobalSection(SolutionProperties) = preSolution
		HideSolutionNode = FALSE
	EndGlobalSection
	GlobalSection(ExtensibilityGlobals) = postSolution
		SolutionGuid = {90345581-F857-434B-BCAE-886645CEB52B}
	EndGlobalSection
EndGlobal
