
Microsoft Visual Studio Solution File, Format Version 12.00
# Visual Studio Version 17
VisualStudioVersion = 17.3.32922.545
MinimumVisualStudioVersion = 10.0.40219.1
Project("{FAE04EC0-301F-11D3-BF4B-00C04F79EFBC}") = "LiderKonsola", "LiderKonsola\LiderKonsola.csproj", "{BFE91483-6CF4-4278-A68F-141F92237832}"
EndProject
Global
	GlobalSection(SolutionConfigurationPlatforms) = preSolution
		Debug|Any CPU = Debug|Any CPU
		Release|Any CPU = Release|Any CPU
	EndGlobalSection
	GlobalSection(ProjectConfigurationPlatforms) = postSolution
		{BFE91483-6CF4-4278-A68F-141F92237832}.Debug|Any CPU.ActiveCfg = Debug|Any CPU
		{BFE91483-6CF4-4278-A68F-141F92237832}.Debug|Any CPU.Build.0 = Debug|Any CPU
		{BFE91483-6CF4-4278-A68F-141F92237832}.Release|Any CPU.ActiveCfg = Release|Any CPU
		{BFE91483-6CF4-4278-A68F-141F92237832}.Release|Any CPU.Build.0 = Release|Any CPU
	EndGlobalSection
	GlobalSection(SolutionProperties) = preSolution
		HideSolutionNode = FALSE
	EndGlobalSection
	GlobalSection(ExtensibilityGlobals) = postSolution
		SolutionGuid = {00C1343A-FF75-4148-986D-8C02A36915E2}
	EndGlobalSection
EndGlobal
